
Microsoft Visual Studio Solution File, Format Version 12.00
# Visual Studio Version 17
VisualStudioVersion = 17.6.33829.357
MinimumVisualStudioVersion = 10.0.40219.1
Project("{9A19103F-16F7-4668-BE54-9A1E7A4F7556}") = "Lab1", "..\Lab1\Lab1\Lab1.csproj", "{5F245C94-2A63-4EC2-B928-C5B2D8056BFE}"
EndProject
Global
	GlobalSection(SolutionConfigurationPlatforms) = preSolution
		Debug|Any CPU = Debug|Any CPU
		Release|Any CPU = Release|Any CPU
	EndGlobalSection
	GlobalSection(ProjectConfigurationPlatforms) = postSolution
		{5F245C94-2A63-4EC2-B928-C5B2D8056BFE}.Debug|Any CPU.ActiveCfg = Debug|Any CPU
		{5F245C94-2A63-4EC2-B928-C5B2D8056BFE}.Debug|Any CPU.Build.0 = Debug|Any CPU
		{5F245C94-2A63-4EC2-B928-C5B2D8056BFE}.Release|Any CPU.ActiveCfg = Release|Any CPU
		{5F245C94-2A63-4EC2-B928-C5B2D8056BFE}.Release|Any CPU.Build.0 = Release|Any CPU
	EndGlobalSection
	GlobalSection(SolutionProperties) = preSolution
		HideSolutionNode = FALSE
	EndGlobalSection
	GlobalSection(ExtensibilityGlobals) = postSolution
		SolutionGuid = {EABEDB17-170C-497A-9252-A53B1B57B169}
	EndGlobalSection
EndGlobal
